{
  "nodes": {
    "fl-config": {
      "locked": {
        "lastModified": 1653159448,
        "narHash": "sha256-PvB9ha0r4w6p412MBPP71kS/ZTBnOjxL0brlmyucPBA=",
        "owner": "flakelib",
        "repo": "fl",
        "rev": "fcefb9738d5995308a24cda018a083ccb6b0f460",
        "type": "github"
      },
      "original": {
        "owner": "flakelib",
        "ref": "config",
        "repo": "fl",
        "type": "github"
      }
    },
    "flakelib": {
      "inputs": {
        "fl-config": "fl-config",
        "std": "std"
      },
      "locked": {
        "lastModified": 1683326042,
        "narHash": "sha256-PRjFKmEzzoE0BeDM8zRdwMcUkMq4Ue340O4jv71PzBw=",
        "owner": "flakelib",
        "repo": "fl",
        "rev": "d4be0a0007aeae09b8faced2e297b1062dc05b1e",
        "type": "github"
      },
      "original": {
        "owner": "flakelib",
        "repo": "fl",
        "type": "github"
      }
    },
    "nix-std": {
      "locked": {
        "lastModified": 1671170529,
        "narHash": "sha256-015C6x3tZMEd83Vd2rpfLC86PSRJrbUca1U3Rysranw=",
        "owner": "chessai",
        "repo": "nix-std",
        "rev": "3b307d64ef7d7e8769d36b8c8bf33983efd1415a",
        "type": "github"
      },
      "original": {
        "owner": "chessai",
        "repo": "nix-std",
        "type": "github"
      }
    },
    "nixpkgs": {
      "locked": {
        "lastModified": 1698800439,
        "narHash": "sha256-SrAwRi266j7U9XqCl0qPwsvcFiQ55iPXEK36ZX6QPjE=",
        "owner": "NixOS",
        "repo": "nixpkgs",
        "rev": "0ac7840a74c53b62f124e86fcde8cdd45f2bc131",
        "type": "github"
      },
      "original": {
        "id": "nixpkgs",
        "type": "indirect"
      }
    },
    "nvidia-patch-src": {
      "flake": false,
      "locked": {
        "lastModified": 1698896513,
        "narHash": "sha256-HqY8JrVRdCzG872SESJO5OyiBmr09vCN8j5aPz4Ba+U=",
        "owner": "keylase",
        "repo": "nvidia-patch",
        "rev": "1d856fbab568f261859741b0c408b718a4e0d9b8",
        "type": "github"
      },
      "original": {
        "owner": "keylase",
        "repo": "nvidia-patch",
        "type": "github"
      }
    },
    "root": {
      "inputs": {
        "flakelib": "flakelib",
        "nixpkgs": "nixpkgs",
        "nvidia-patch-src": "nvidia-patch-src"
      }
    },
    "std": {
      "inputs": {
        "nix-std": "nix-std"
      },
      "locked": {
        "lastModified": 1671225084,
        "narHash": "sha256-EzqxFHRifPyjUXQY4B8GJH75fTmWqFnQdj10Q984bR8=",
        "owner": "flakelib",
        "repo": "std",
        "rev": "8546115941a5498ddb03a239aacdba151d433f09",
        "type": "github"
      },
      "original": {
        "owner": "flakelib",
        "repo": "std",
        "type": "github"
      }
    }
  },
  "root": "root",
  "version": 7
}
