{
  "nodes": {
    "fl-config": {
      "locked": {
        "lastModified": 1653159448,
        "narHash": "sha256-PvB9ha0r4w6p412MBPP71kS/ZTBnOjxL0brlmyucPBA=",
        "owner": "flakelib",
        "repo": "fl",
        "rev": "fcefb9738d5995308a24cda018a083ccb6b0f460",
        "type": "github"
      },
      "original": {
        "owner": "flakelib",
        "ref": "config",
        "repo": "fl",
        "type": "github"
      }
    },
    "flakelib": {
      "inputs": {
        "fl-config": "fl-config",
        "std": "std"
      },
      "locked": {
        "lastModified": 1701802971,
        "narHash": "sha256-Zo5fJpXbe+xXOTiDT4JG2rExobMJTmFZ72+3XTMMHrQ=",
        "owner": "flakelib",
        "repo": "fl",
        "rev": "b71a91517f6b16aa5faefe8ec491d9f3062d7a20",
        "type": "github"
      },
      "original": {
        "owner": "flakelib",
        "repo": "fl",
        "type": "github"
      }
    },
    "nix-std": {
      "locked": {
        "lastModified": 1701658249,
        "narHash": "sha256-KIt1TUuBvldhaVRta010MI5FeQlB8WadjqljybjesN0=",
        "owner": "chessai",
        "repo": "nix-std",
        "rev": "715db541ffff4194620e48d210b76f73a74b5b5d",
        "type": "github"
      },
      "original": {
        "owner": "chessai",
        "repo": "nix-std",
        "type": "github"
      }
    },
    "nixpkgs": {
      "locked": {
        "lastModified": 1745991046,
        "narHash": "sha256-+WiKX2uUkuWrkUdfy8XP0Lic2qN7h3pH+tWn1DfTfFg=",
        "owner": "NixOS",
        "repo": "nixpkgs",
        "rev": "920a79ee9b49febd7a8b7251e210aeee9c06b644",
        "type": "github"
      },
      "original": {
        "id": "nixpkgs",
        "type": "indirect"
      }
    },
    "nvidia-patch-src": {
      "flake": false,
      "locked": {
        "lastModified": 1745926269,
        "narHash": "sha256-JcL1dFMz8Hc4YcHcWYg5DVunHAWwS/jpEao34eLkxqk=",
        "owner": "keylase",
        "repo": "nvidia-patch",
        "rev": "39f21ee316e6740be2fb1350086c8086906529a0",
        "type": "github"
      },
      "original": {
        "owner": "keylase",
        "repo": "nvidia-patch",
        "type": "github"
      }
    },
    "root": {
      "inputs": {
        "flakelib": "flakelib",
        "nixpkgs": "nixpkgs",
        "nvidia-patch-src": "nvidia-patch-src"
      }
    },
    "std": {
      "inputs": {
        "nix-std": "nix-std"
      },
      "locked": {
        "lastModified": 1701802337,
        "narHash": "sha256-JCVCyjDZ6LA0xyVoDZzRXjy0OgWOZo3OpeZEVm/U97w=",
        "owner": "flakelib",
        "repo": "std",
        "rev": "443d1c8246b3d96a4822b02af907ca0d833e8b63",
        "type": "github"
      },
      "original": {
        "owner": "flakelib",
        "repo": "std",
        "type": "github"
      }
    }
  },
  "root": "root",
  "version": 7
}
